# This file is automatically @generated by Cargo.
# It is not intended for manual editing.
version = 4

[[package]]
name = "inflow-core"
version = "0.1.0"

[[package]]
name = "inflow-mpp"
version = "0.1.0"

[[package]]
name = "inflow-mpp-buyer"
version = "0.1.0"

[[package]]
name = "inflow-mpp-seller"
version = "0.1.0"

[[package]]
name = "inflow-x402"
version = "0.1.0"

[[package]]
name = "inflow-x402-buyer"
version = "0.1.0"

[[package]]
name = "inflow-x402-seller"
version = "0.1.0"
